
Microsoft Visual Studio Solution File, Format Version 12.00
# Visual Studio Version 17
VisualStudioVersion = 17.11.35111.106
MinimumVisualStudioVersion = 10.0.40219.1
Project("{FAE04EC0-301F-11D3-BF4B-00C04F79EFBC}") = "Catalog.Test", "Catalog.Test\Catalog.Test.csproj", "{BD7099C8-8FBE-49D6-B584-9F06C4B62FFF}"
EndProject
Global
	GlobalSection(SolutionConfigurationPlatforms) = preSolution
		Debug|Any CPU = Debug|Any CPU
		Release|Any CPU = Release|Any CPU
	EndGlobalSection
	GlobalSection(ProjectConfigurationPlatforms) = postSolution
		{BD7099C8-8FBE-49D6-B584-9F06C4B62FFF}.Debug|Any CPU.ActiveCfg = Debug|Any CPU
		{BD7099C8-8FBE-49D6-B584-9F06C4B62FFF}.Debug|Any CPU.Build.0 = Debug|Any CPU
		{BD7099C8-8FBE-49D6-B584-9F06C4B62FFF}.Release|Any CPU.ActiveCfg = Release|Any CPU
		{BD7099C8-8FBE-49D6-B584-9F06C4B62FFF}.Release|Any CPU.Build.0 = Release|Any CPU
	EndGlobalSection
	GlobalSection(SolutionProperties) = preSolution
		HideSolutionNode = FALSE
	EndGlobalSection
	GlobalSection(ExtensibilityGlobals) = postSolution
		SolutionGuid = {19307497-277D-4096-96A0-C2A1EAB77F3B}
	EndGlobalSection
EndGlobal
